
Microsoft Visual Studio Solution File, Format Version 12.00
# Visual Studio Version 16
VisualStudioVersion = 16.0.30803.129
MinimumVisualStudioVersion = 10.0.40219.1
Project("{FAE04EC0-301F-11D3-BF4B-00C04F79EFBC}") = "Goblinfactory.PrettyJson", "Goblinfactory.PrettyJson\Goblinfactory.PrettyJson.csproj", "{FA7824DE-07D6-4A9E-87D2-2307331E56EC}"
EndProject
Project("{FAE04EC0-301F-11D3-BF4B-00C04F79EFBC}") = "Goblinfactory.PrettyJson.Demo", "Goblinfactory.PrettyJson.Demo\Goblinfactory.PrettyJson.Demo.csproj", "{9673BA14-07BD-49D6-AB30-AE148E7E1972}"
EndProject
Project("{2150E333-8FDC-42A3-9474-1A3956D46DE8}") = "docs", "docs", "{4125E5FA-78CF-4C32-9830-25AB2F85DDCB}"
	ProjectSection(SolutionItems) = preProject
		..\..\.gitignore = ..\..\.gitignore
		..\..\README.md = ..\..\README.md
	EndProjectSection
EndProject
Global
	GlobalSection(SolutionConfigurationPlatforms) = preSolution
		Debug|Any CPU = Debug|Any CPU
		Release|Any CPU = Release|Any CPU
	EndGlobalSection
	GlobalSection(ProjectConfigurationPlatforms) = postSolution
		{FA7824DE-07D6-4A9E-87D2-2307331E56EC}.Debug|Any CPU.ActiveCfg = Debug|Any CPU
		{FA7824DE-07D6-4A9E-87D2-2307331E56EC}.Debug|Any CPU.Build.0 = Debug|Any CPU
		{FA7824DE-07D6-4A9E-87D2-2307331E56EC}.Release|Any CPU.ActiveCfg = Release|Any CPU
		{FA7824DE-07D6-4A9E-87D2-2307331E56EC}.Release|Any CPU.Build.0 = Release|Any CPU
		{9673BA14-07BD-49D6-AB30-AE148E7E1972}.Debug|Any CPU.ActiveCfg = Debug|Any CPU
		{9673BA14-07BD-49D6-AB30-AE148E7E1972}.Debug|Any CPU.Build.0 = Debug|Any CPU
		{9673BA14-07BD-49D6-AB30-AE148E7E1972}.Release|Any CPU.ActiveCfg = Release|Any CPU
		{9673BA14-07BD-49D6-AB30-AE148E7E1972}.Release|Any CPU.Build.0 = Release|Any CPU
	EndGlobalSection
	GlobalSection(SolutionProperties) = preSolution
		HideSolutionNode = FALSE
	EndGlobalSection
	GlobalSection(ExtensibilityGlobals) = postSolution
		SolutionGuid = {2324106E-4432-4AD1-92DF-58CF4EF1238F}
	EndGlobalSection
EndGlobal
